
Microsoft Visual Studio Solution File, Format Version 12.00
# Visual Studio Version 17
VisualStudioVersion = 17.11.35327.3
MinimumVisualStudioVersion = 10.0.40219.1
Project("{FAE04EC0-301F-11D3-BF4B-00C04F79EFBC}") = "PresentationLayer", "PresentationLayer\PresentationLayer.csproj", "{C7C039BC-1549-4B59-BED0-04F50B822E3E}"
EndProject
Project("{FAE04EC0-301F-11D3-BF4B-00C04F79EFBC}") = "DataAccessLayer", "DataAccessLayer\DataAccessLayer.csproj", "{D160537D-20C2-40B7-B742-CABE86726F32}"
EndProject
Project("{FAE04EC0-301F-11D3-BF4B-00C04F79EFBC}") = "BusinessLogicLayer", "BusinessLogicLayer\BusinessLogicLayer.csproj", "{1CC4B59B-4453-4136-9117-63CF757FC3F5}"
EndProject
Global
	GlobalSection(SolutionConfigurationPlatforms) = preSolution
		Debug|Any CPU = Debug|Any CPU
		Release|Any CPU = Release|Any CPU
	EndGlobalSection
	GlobalSection(ProjectConfigurationPlatforms) = postSolution
		{C7C039BC-1549-4B59-BED0-04F50B822E3E}.Debug|Any CPU.ActiveCfg = Debug|Any CPU
		{C7C039BC-1549-4B59-BED0-04F50B822E3E}.Debug|Any CPU.Build.0 = Debug|Any CPU
		{C7C039BC-1549-4B59-BED0-04F50B822E3E}.Release|Any CPU.ActiveCfg = Release|Any CPU
		{C7C039BC-1549-4B59-BED0-04F50B822E3E}.Release|Any CPU.Build.0 = Release|Any CPU
		{D160537D-20C2-40B7-B742-CABE86726F32}.Debug|Any CPU.ActiveCfg = Debug|Any CPU
		{D160537D-20C2-40B7-B742-CABE86726F32}.Debug|Any CPU.Build.0 = Debug|Any CPU
		{D160537D-20C2-40B7-B742-CABE86726F32}.Release|Any CPU.ActiveCfg = Release|Any CPU
		{D160537D-20C2-40B7-B742-CABE86726F32}.Release|Any CPU.Build.0 = Release|Any CPU
		{1CC4B59B-4453-4136-9117-63CF757FC3F5}.Debug|Any CPU.ActiveCfg = Debug|Any CPU
		{1CC4B59B-4453-4136-9117-63CF757FC3F5}.Debug|Any CPU.Build.0 = Debug|Any CPU
		{1CC4B59B-4453-4136-9117-63CF757FC3F5}.Release|Any CPU.ActiveCfg = Release|Any CPU
		{1CC4B59B-4453-4136-9117-63CF757FC3F5}.Release|Any CPU.Build.0 = Release|Any CPU
	EndGlobalSection
	GlobalSection(SolutionProperties) = preSolution
		HideSolutionNode = FALSE
	EndGlobalSection
	GlobalSection(ExtensibilityGlobals) = postSolution
		SolutionGuid = {E0725C3B-52DB-4D12-BC2A-BCEDEB3C739D}
	EndGlobalSection
EndGlobal
